
Microsoft Visual Studio Solution File, Format Version 12.00
# Visual Studio Version 16
VisualStudioVersion = 16.0.30320.27
MinimumVisualStudioVersion = 10.0.40219.1
Project("{FAE04EC0-301F-11D3-BF4B-00C04F79EFBC}") = "HelloSourceControlCPW212", "HelloSourceControlCPW212\HelloSourceControlCPW212.csproj", "{B3FA9130-A0A8-4526-BAF4-5EBC38F6956F}"
EndProject
Global
	GlobalSection(SolutionConfigurationPlatforms) = preSolution
		Debug|Any CPU = Debug|Any CPU
		Release|Any CPU = Release|Any CPU
	EndGlobalSection
	GlobalSection(ProjectConfigurationPlatforms) = postSolution
		{B3FA9130-A0A8-4526-BAF4-5EBC38F6956F}.Debug|Any CPU.ActiveCfg = Debug|Any CPU
		{B3FA9130-A0A8-4526-BAF4-5EBC38F6956F}.Debug|Any CPU.Build.0 = Debug|Any CPU
		{B3FA9130-A0A8-4526-BAF4-5EBC38F6956F}.Release|Any CPU.ActiveCfg = Release|Any CPU
		{B3FA9130-A0A8-4526-BAF4-5EBC38F6956F}.Release|Any CPU.Build.0 = Release|Any CPU
	EndGlobalSection
	GlobalSection(SolutionProperties) = preSolution
		HideSolutionNode = FALSE
	EndGlobalSection
	GlobalSection(ExtensibilityGlobals) = postSolution
		SolutionGuid = {2AC29B29-8531-4962-87FC-2F99327F6521}
	EndGlobalSection
EndGlobal
